
Microsoft Visual Studio Solution File, Format Version 12.00
# Visual Studio Version 16
VisualStudioVersion = 16.0.31321.278
MinimumVisualStudioVersion = 10.0.40219.1
Project("{FAE04EC0-301F-11D3-BF4B-00C04F79EFBC}") = "LessonOne", "LessonOne\LessonOne.csproj", "{7AFA7315-6899-4D3A-814D-1D234CEEA5C2}"
EndProject
Global
	GlobalSection(SolutionConfigurationPlatforms) = preSolution
		Debug|Any CPU = Debug|Any CPU
		Release|Any CPU = Release|Any CPU
	EndGlobalSection
	GlobalSection(ProjectConfigurationPlatforms) = postSolution
		{7AFA7315-6899-4D3A-814D-1D234CEEA5C2}.Debug|Any CPU.ActiveCfg = Debug|Any CPU
		{7AFA7315-6899-4D3A-814D-1D234CEEA5C2}.Debug|Any CPU.Build.0 = Debug|Any CPU
		{7AFA7315-6899-4D3A-814D-1D234CEEA5C2}.Release|Any CPU.ActiveCfg = Release|Any CPU
		{7AFA7315-6899-4D3A-814D-1D234CEEA5C2}.Release|Any CPU.Build.0 = Release|Any CPU
	EndGlobalSection
	GlobalSection(SolutionProperties) = preSolution
		HideSolutionNode = FALSE
	EndGlobalSection
	GlobalSection(ExtensibilityGlobals) = postSolution
		SolutionGuid = {5F293103-D377-43D8-BB6C-5CA20C043069}
	EndGlobalSection
EndGlobal
